
Microsoft Visual Studio Solution File, Format Version 12.00
# Visual Studio Version 16
VisualStudioVersion = 16.0.32413.511
MinimumVisualStudioVersion = 10.0.40219.1
Project("{FAE04EC0-301F-11D3-BF4B-00C04F79EFBC}") = "Rushabh(Date and Month Calculation)", "Rushabh(Date and Month Calculation).csproj", "{81C4E5D9-1F42-4BC7-837B-18E686750F27}"
EndProject
Global
	GlobalSection(SolutionConfigurationPlatforms) = preSolution
		Debug|Any CPU = Debug|Any CPU
		Release|Any CPU = Release|Any CPU
	EndGlobalSection
	GlobalSection(ProjectConfigurationPlatforms) = postSolution
		{81C4E5D9-1F42-4BC7-837B-18E686750F27}.Debug|Any CPU.ActiveCfg = Debug|Any CPU
		{81C4E5D9-1F42-4BC7-837B-18E686750F27}.Debug|Any CPU.Build.0 = Debug|Any CPU
		{81C4E5D9-1F42-4BC7-837B-18E686750F27}.Release|Any CPU.ActiveCfg = Release|Any CPU
		{81C4E5D9-1F42-4BC7-837B-18E686750F27}.Release|Any CPU.Build.0 = Release|Any CPU
	EndGlobalSection
	GlobalSection(SolutionProperties) = preSolution
		HideSolutionNode = FALSE
	EndGlobalSection
	GlobalSection(ExtensibilityGlobals) = postSolution
		SolutionGuid = {2D2BF2E9-81F6-49E2-8201-E4D112B9E54D}
	EndGlobalSection
EndGlobal
